
Microsoft Visual Studio Solution File, Format Version 12.00
# Visual Studio Version 16
VisualStudioVersion = 16.0.31624.102
MinimumVisualStudioVersion = 10.0.40219.1
Project("{9A19103F-16F7-4668-BE54-9A1E7A4F7556}") = "ExploreCalifornia", "ExploreCalifornia.csproj", "{6A33AB1B-36DE-48E7-8AE3-2AA1B169C699}"
EndProject
Global
	GlobalSection(SolutionConfigurationPlatforms) = preSolution
		Debug|Any CPU = Debug|Any CPU
		Release|Any CPU = Release|Any CPU
	EndGlobalSection
	GlobalSection(ProjectConfigurationPlatforms) = postSolution
		{6A33AB1B-36DE-48E7-8AE3-2AA1B169C699}.Debug|Any CPU.ActiveCfg = Debug|Any CPU
		{6A33AB1B-36DE-48E7-8AE3-2AA1B169C699}.Debug|Any CPU.Build.0 = Debug|Any CPU
		{6A33AB1B-36DE-48E7-8AE3-2AA1B169C699}.Release|Any CPU.ActiveCfg = Release|Any CPU
		{6A33AB1B-36DE-48E7-8AE3-2AA1B169C699}.Release|Any CPU.Build.0 = Release|Any CPU
	EndGlobalSection
	GlobalSection(SolutionProperties) = preSolution
		HideSolutionNode = FALSE
	EndGlobalSection
	GlobalSection(ExtensibilityGlobals) = postSolution
		SolutionGuid = {A4CE07B5-1D31-406C-A5F6-B999857A8F7E}
	EndGlobalSection
EndGlobal
